<?xml version="1.0" encoding="utf-8"?>
<Project ToolsVersion="4.0" xmlns="http://schemas.microsoft.com/developer/msbuild/2003">
  <ItemGroup>
    <Filter Include="Source Files">
      <UniqueIdentifier>{4FC737F1-C7A5-4376-A066-2A32D752A2FF}</UniqueIdentifier>
      <Extensions>cpp;c;cc;cxx;def;odl;idl;hpj;bat;asm;asmx</Extensions>
    </Filter>
    <Filter Include="Header Files">
      <UniqueIdentifier>{93995380-89BD-4b04-88EB-625FBE52EBFB}</UniqueIdentifier>
      <Extensions>h;hpp;hxx;hm;inl;inc;xsd</Extensions>
    </Filter>
    <Filter Include="Resource Files">
      <UniqueIdentifier>{67DA6AB6-F800-4c08-8B7A-83BB121AAD01}</UniqueIdentifier>
      <Extensions>rc;ico;cur;bmp;dlg;rc2;rct;bin;rgs;gif;jpg;jpeg;jpe;resx;tiff;tif;png;wav</Extensions>
    </Filter>
  </ItemGroup>
  <ItemGroup>
    <ClCompile Include="AABBTree.cpp">
      <Filter>Source Files</Filter>
    </ClCompile>
    <ClCompile Include="Automorph.cpp">
      <Filter>Source Files</Filter>
    </ClCompile>
    <ClCompile Include="BodySlideApp.cpp">
      <Filter>Source Files</Filter>
    </ClCompile>
    <ClCompile Include="DiffData.cpp">
      <Filter>Source Files</Filter>
    </ClCompile>
    <ClCompile Include="GLShader.cpp">
      <Filter>Source Files</Filter>
    </ClCompile>
    <ClCompile Include="GLSurface.cpp">
      <Filter>Source Files</Filter>
    </ClCompile>
    <ClCompile Include="Mesh.cpp">
      <Filter>Source Files</Filter>
    </ClCompile>
    <ClCompile Include="NifFile.cpp">
      <Filter>Source Files</Filter>
    </ClCompile>
    <ClCompile Include="ObjFile.cpp">
      <Filter>Source Files</Filter>
    </ClCompile>
    <ClCompile Include="PreviewWindow.cpp">
      <Filter>Source Files</Filter>
    </ClCompile>
    <ClCompile Include="SliderData.cpp">
      <Filter>Source Files</Filter>
    </ClCompile>
    <ClCompile Include="SliderManager.cpp">
      <Filter>Source Files</Filter>
    </ClCompile>
    <ClCompile Include="stdafx.cpp">
      <Filter>Source Files</Filter>
    </ClCompile>
    <ClCompile Include="tinystr.cpp">
      <Filter>Source Files</Filter>
    </ClCompile>
    <ClCompile Include="tinyxml.cpp">
      <Filter>Source Files</Filter>
    </ClCompile>
    <ClCompile Include="tinyxmlerror.cpp">
      <Filter>Source Files</Filter>
    </ClCompile>
    <ClCompile Include="tinyxmlparser.cpp">
      <Filter>Source Files</Filter>
    </ClCompile>
    <ClCompile Include="TweakBrush.cpp">
      <Filter>Source Files</Filter>
    </ClCompile>
    <ClCompile Include="AsyncMonitor.cpp">
      <Filter>Source Files</Filter>
    </ClCompile>
    <ClCompile Include="PresetSaveDialog.cpp">
      <Filter>Source Files</Filter>
    </ClCompile>
    <ClCompile Include="ConfigurationManager.cpp">
      <Filter>Source Files</Filter>
    </ClCompile>
    <ClCompile Include="GroupManager.cpp">
      <Filter>Source Files</Filter>
    </ClCompile>
    <ClCompile Include="NifBlock.cpp">
      <Filter>Source Files</Filter>
    </ClCompile>
    <ClCompile Include="SliderGroup.cpp">
      <Filter>Source Files</Filter>
    </ClCompile>
    <ClCompile Include="OutfitProject.cpp">
      <Filter>Source Files</Filter>
    </ClCompile>
    <ClCompile Include="OutfitStudio.cpp">
      <Filter>Source Files</Filter>
    </ClCompile>
    <ClCompile Include="Anim.cpp">
      <Filter>Source Files</Filter>
    </ClCompile>
    <ClCompile Include="wxStateButton.cpp">
      <Filter>Source Files</Filter>
    </ClCompile>
    <ClCompile Include="SliderCategories.cpp">
      <Filter>Source Files</Filter>
    </ClCompile>
    <ClCompile Include="TriFile.cpp">
      <Filter>Source Files</Filter>
    </ClCompile>
  </ItemGroup>
  <ItemGroup>
    <ClInclude Include="Automorph.h">
      <Filter>Header Files</Filter>
    </ClInclude>
    <ClInclude Include="BodySlide.h">
      <Filter>Header Files</Filter>
    </ClInclude>
    <ClInclude Include="BodySlideApp.h">
      <Filter>Header Files</Filter>
    </ClInclude>
    <ClInclude Include="DiffData.h">
      <Filter>Header Files</Filter>
    </ClInclude>
    <ClInclude Include="GLShader.h">
      <Filter>Header Files</Filter>
    </ClInclude>
    <ClInclude Include="GLSurface.h">
      <Filter>Header Files</Filter>
    </ClInclude>
    <ClInclude Include="KDMatcher.h">
      <Filter>Header Files</Filter>
    </ClInclude>
    <ClInclude Include="Mesh.h">
      <Filter>Header Files</Filter>
    </ClInclude>
    <ClInclude Include="NifFile.h">
      <Filter>Header Files</Filter>
    </ClInclude>
    <ClInclude Include="Object3d.h">
      <Filter>Header Files</Filter>
    </ClInclude>
    <ClInclude Include="ObjFile.h">
      <Filter>Header Files</Filter>
    </ClInclude>
    <ClInclude Include="PreviewWindow.h">
      <Filter>Header Files</Filter>
    </ClInclude>
    <ClInclude Include="Resource.h">
      <Filter>Header Files</Filter>
    </ClInclude>
    <ClInclude Include="SliderData.h">
      <Filter>Header Files</Filter>
    </ClInclude>
    <ClInclude Include="SliderManager.h">
      <Filter>Header Files</Filter>
    </ClInclude>
    <ClInclude Include="stdafx.h">
      <Filter>Header Files</Filter>
    </ClInclude>
    <ClInclude Include="targetver.h">
      <Filter>Header Files</Filter>
    </ClInclude>
    <ClInclude Include="tinystr.h">
      <Filter>Header Files</Filter>
    </ClInclude>
    <ClInclude Include="tinyxml.h">
      <Filter>Header Files</Filter>
    </ClInclude>
    <ClInclude Include="TweakBrush.h">
      <Filter>Header Files</Filter>
    </ClInclude>
    <ClInclude Include="AsyncMonitor.h">
      <Filter>Header Files</Filter>
    </ClInclude>
    <ClInclude Include="PresetSaveDialog.h">
      <Filter>Header Files</Filter>
    </ClInclude>
    <ClInclude Include="ConfigurationManager.h">
      <Filter>Header Files</Filter>
    </ClInclude>
    <ClInclude Include="GroupManager.h">
      <Filter>Header Files</Filter>
    </ClInclude>
    <ClInclude Include="SliderGroup.h">
      <Filter>Header Files</Filter>
    </ClInclude>
    <ClInclude Include="OutfitStudio.h">
      <Filter>Header Files</Filter>
    </ClInclude>
    <ClInclude Include="OutfitProject.h">
      <Filter>Header Files</Filter>
    </ClInclude>
    <ClInclude Include="Anim.h">
      <Filter>Header Files</Filter>
    </ClInclude>
    <ClInclude Include="wxStateButton.h">
      <Filter>Header Files</Filter>
    </ClInclude>
    <ClInclude Include="SliderCategories.h">
      <Filter>Header Files</Filter>
    </ClInclude>
    <ClInclude Include="TriFile.h">
      <Filter>Header Files</Filter>
    </ClInclude>
  </ItemGroup>
  <ItemGroup>
    <Image Include="BodySlide.ico">
      <Filter>Resource Files</Filter>
    </Image>
    <Image Include="small.ico">
      <Filter>Resource Files</Filter>
    </Image>
  </ItemGroup>
  <ItemGroup>
    <ResourceCompile Include="BodySlide.rc">
      <Filter>Resource Files</Filter>
    </ResourceCompile>
  </ItemGroup>
</Project>